// !$*UTF8*$!
{
	archiveVersion = 1;
	classes = {
	};
	objectVersion = 46;
	objects = {

/* Begin PBXBuildFile section */
		B837E2D71D19AC0D00A145BC /* AppDelegate.swift in Sources */ = {isa = PBXBuildFile; fileRef = B837E2D61D19AC0D00A145BC /* AppDelegate.swift */; };
		B837E2D91D19AC0D00A145BC /* ViewController.swift in Sources */ = {isa = PBXBuildFile; fileRef = B837E2D81D19AC0D00A145BC /* ViewController.swift */; };
		B837E2DC1D19AC0D00A145BC /* Main.storyboard in Resources */ = {isa = PBXBuildFile; fileRef = B837E2DA1D19AC0D00A145BC /* Main.storyboard */; };
		B837E2DE1D19AC0D00A145BC /* Assets.xcassets in Resources */ = {isa = PBXBuildFile; fileRef = B837E2DD1D19AC0D00A145BC /* Assets.xcassets */; };
		B837E2E11D19AC0D00A145BC /* LaunchScreen.storyboard in Resources */ = {isa = PBXBuildFile; fileRef = B837E2DF1D19AC0D00A145BC /* LaunchScreen.storyboard */; };
/* End PBXBuildFile section */

/* Begin PBXFileReference section */
		B837E2D31D19AC0D00A145BC /* SwagChat.app */ = {isa = PBXFileReference; explicitFileType = wrapper.application; includeInIndex = 0; path = SwagChat.app; sourceTree = BUILT_PRODUCTS_DIR; };
		B837E2D61D19AC0D00A145BC /* AppDelegate.swift */ = {isa = PBXFileReference; lastKnownFileType = sourcecode.swift; path = AppDelegate.swift; sourceTree = "<group>"; };
		B837E2D81D19AC0D00A145BC /* ViewController.swift */ = {isa = PBXFileReference; lastKnownFileType = sourcecode.swift; path = ViewController.swift; sourceTree = "<group>"; };
		B837E2DB1D19AC0D00A145BC /* Base */ = {isa = PBXFileReference; lastKnownFileType = file.storyboard; name = Base; path = Base.lproj/Main.storyboard; sourceTree = "<group>"; };
		B837E2DD1D19AC0D00A145BC /* Assets.xcassets */ = {isa = PBXFileReference; lastKnownFileType = folder.assetcatalog; path = Assets.xcassets; sourceTree = "<group>"; };
		B837E2E01D19AC0D00A145BC /* Base */ = {isa = PBXFileReference; lastKnownFileType = file.storyboard; name = Base; path = Base.lproj/LaunchScreen.storyboard; sourceTree = "<group>"; };
		B837E2E21D19AC0D00A145BC /* Info.plist */ = {isa = PBXFileReference; lastKnownFileType = text.plist.xml; path = Info.plist; sourceTree = "<group>"; };
/* End PBXFileReference section */

/* Begin PBXFrameworksBuildPhase section */
		B837E2D01D19AC0D00A145BC /* Frameworks */ = {
			isa = PBXFrameworksBuildPhase;
			buildActionMask = 2147483647;
			files = (
			);
			runOnlyForDeploymentPostprocessing = 0;
		};
/* End PBXFrameworksBuildPhase section */

/* Begin PBXGroup section */
		B837E2CA1D19AC0D00A145BC = {
			isa = PBXGroup;
			children = (
				B837E2D51D19AC0D00A145BC /* SwagChat */,
				B837E2D41D19AC0D00A145BC /* Products */,
			);
			sourceTree = "<group>";
		};
		B837E2D41D19AC0D00A145BC /* Products */ = {
			isa = PBXGroup;
			children = (
				B837E2D31D19AC0D00A145BC /* SwagChat.app */,
			);
			name = Products;
			sourceTree = "<group>";
		};
		B837E2D51D19AC0D00A145BC /* SwagChat */ = {
			isa = PBXGroup;
			children = (
				B837E2D61D19AC0D00A145BC /* AppDelegate.swift */,
				B837E2D81D19AC0D00A145BC /* ViewController.swift */,
				B837E2DA1D19AC0D00A145BC /* Main.storyboard */,
				B837E2DD1D19AC0D00A145BC /* Assets.xcassets */,
				B837E2DF1D19AC0D00A145BC /* LaunchScreen.storyboard */,
				B837E2E21D19AC0D00A145BC /* Info.plist */,
			);
			path = SwagChat;
			sourceTree = "<group>";
		};
/* End PBXGroup section */

/* Begin PBXNativeTarget section */
		B837E2D21D19AC0D00A145BC /* SwagChat */ = {
			isa = PBXNativeTarget;
			buildConfigurationList = B837E2E51D19AC0D00A145BC /* Build configuration list for PBXNativeTarget "SwagChat" */;
			buildPhases = (
				B837E2CF1D19AC0D00A145BC /* Sources */,
				B837E2D01D19AC0D00A145BC /* Frameworks */,
				B837E2D11D19AC0D00A145BC /* Resources */,
			);
			buildRules = (
			);
			dependencies = (
			);
			name = SwagChat;
			productName = SwagChat;
			productReference = B837E2D31D19AC0D00A145BC /* SwagChat.app */;
			productType = "com.apple.product-type.application";
		};
/* End PBXNativeTarget section */

/* Begin PBXProject section */
		B837E2CB1D19AC0D00A145BC /* Project object */ = {
			isa = PBXProject;
			attributes = {
				LastSwiftUpdateCheck = 0730;
				LastUpgradeCheck = 0730;
				ORGANIZATIONNAME = "Savannah McCoy";
				TargetAttributes = {
					B837E2D21D19AC0D00A145BC = {
						CreatedOnToolsVersion = 7.3.1;
					};
				};
			};
			buildConfigurationList = B837E2CE1D19AC0D00A145BC /* Build configuration list for PBXProject "SwagChat" */;
			compatibilityVersion = "Xcode 3.2";
			developmentRegion = English;
			hasScannedForEncodings = 0;
			knownRegions = (
				en,
				Base,
			);
			mainGroup = B837E2CA1D19AC0D00A145BC;
			productRefGroup = B837E2D41D19AC0D00A145BC /* Products */;
			projectDirPath = "";
			projectRoot = "";
			targets = (
				B837E2D21D19AC0D00A145BC /* SwagChat */,
			);
		};
/* End PBXProject section */

/* Begin PBXResourcesBuildPhase section */
		B837E2D11D19AC0D00A145BC /* Resources */ = {
			isa = PBXResourcesBuildPhase;
			buildActionMask = 2147483647;
			files = (
				B837E2E11D19AC0D00A145BC /* LaunchScreen.storyboard in Resources */,
				B837E2DE1D19AC0D00A145BC /* Assets.xcassets in Resources */,
				B837E2DC1D19AC0D00A145BC /* Main.storyboard in Resources */,
			);
			runOnlyForDeploymentPostprocessing = 0;
		};
/* End PBXResourcesBuildPhase section */

/* Begin PBXSourcesBuildPhase section */
		B837E2CF1D19AC0D00A145BC /* Sources */ = {
			isa = PBXSourcesBuildPhase;
			buildActionMask = 2147483647;
			files = (
				B837E2D91D19AC0D00A145BC /* ViewController.swift in Sources */,
				B837E2D71D19AC0D00A145BC /* AppDelegate.swift in Sources */,
			);
			runOnlyForDeploymentPostprocessing = 0;
		};
/* End PBXSourcesBuildPhase section */

/* Begin PBXVariantGroup section */
		B837E2DA1D19AC0D00A145BC /* Main.storyboard */ = {
			isa = PBXVariantGroup;
			children = (
				B837E2DB1D19AC0D00A145BC /* Base */,
			);
			name = Main.storyboard;
			sourceTree = "<group>";
		};
		B837E2DF1D19AC0D00A145BC /* LaunchScreen.storyboard */ = {
			isa = PBXVariantGroup;
			children = (
				B837E2E01D19AC0D00A145BC /* Base */,
			);
			name = LaunchScreen.storyboard;
			sourceTree = "<group>";
		};
/* End PBXVariantGroup section */

/* Begin XCBuildConfiguration section */
		B837E2E31D19AC0D00A145BC /* Debug */ = {
			isa = XCBuildConfiguration;
			buildSettings = {
				ALWAYS_SEARCH_USER_PATHS = NO;
				CLANG_ANALYZER_NONNULL = YES;
				CLANG_CXX_LANGUAGE_STANDARD = "gnu++0x";
				CLANG_CXX_LIBRARY = "libc++";
				CLANG_ENABLE_MODULES = YES;
				CLANG_ENABLE_OBJC_ARC = YES;
				CLANG_WARN_BOOL_CONVERSION = YES;
				CLANG_WARN_CONSTANT_CONVERSION = YES;
				CLANG_WARN_DIRECT_OBJC_ISA_USAGE = YES_ERROR;
				CLANG_WARN_EMPTY_BODY = YES;
				CLANG_WARN_ENUM_CONVERSION = YES;
				CLANG_WARN_INT_CONVERSION = YES;
				CLANG_WARN_OBJC_ROOT_CLASS = YES_ERROR;
				CLANG_WARN_UNREACHABLE_CODE = YES;
				CLANG_WARN__DUPLICATE_METHOD_MATCH = YES;
				"CODE_SIGN_IDENTITY[sdk=iphoneos*]" = "iPhone Developer";
				COPY_PHASE_STRIP = NO;
				DEBUG_INFORMATION_FORMAT = dwarf;
				ENABLE_STRICT_OBJC_MSGSEND = YES;
				ENABLE_TESTABILITY = YES;
				GCC_C_LANGUAGE_STANDARD = gnu99;
				GCC_DYNAMIC_NO_PIC = NO;
				GCC_NO_COMMON_BLOCKS = YES;
				GCC_OPTIMIZATION_LEVEL = 0;
				GCC_PREPROCESSOR_DEFINITIONS = (
					"DEBUG=1",
					"$(inherited)",
				);
				GCC_WARN_64_TO_32_BIT_CONVERSION = YES;
				GCC_WARN_ABOUT_RETURN_TYPE = YES_ERROR;
				GCC_WARN_UNDECLARED_SELECTOR = YES;
				GCC_WARN_UNINITIALIZED_AUTOS = YES_AGGRESSIVE;
				GCC_WARN_UNUSED_FUNCTION = YES;
				GCC_WARN_UNUSED_VARIABLE = YES;
				IPHONEOS_DEPLOYMENT_TARGET = 9.3;
				MTL_ENABLE_DEBUG_INFO = YES;
				ONLY_ACTIVE_ARCH = YES;
				SDKROOT = iphoneos;
				SWIFT_OPTIMIZATION_LEVEL = "-Onone";
			};
			name = Debug;
		};
		B837E2E41D19AC0D00A145BC /* Release */ = {
			isa = XCBuildConfiguration;
			buildSettings = {
				ALWAYS_SEARCH_USER_PATHS = NO;
				CLANG_ANALYZER_NONNULL = YES;
				CLANG_CXX_LANGUAGE_STANDARD = "gnu++0x";
				CLANG_CXX_LIBRARY = "libc++";
				CLANG_ENABLE_MODULES = YES;
				CLANG_ENABLE_OBJC_ARC = YES;
				CLANG_WARN_BOOL_CONVERSION = YES;
				CLANG_WARN_CONSTANT_CONVERSION = YES;
				CLANG_WARN_DIRECT_OBJC_ISA_USAGE = YES_ERROR;
				CLANG_WARN_EMPTY_BODY = YES;
				CLANG_WARN_ENUM_CONVERSION = YES;
				CLANG_WARN_INT_CONVERSION = YES;
				CLANG_WARN_OBJC_ROOT_CLASS = YES_ERROR;
				CLANG_WARN_UNREACHABLE_CODE = YES;
				CLANG_WARN__DUPLICATE_METHOD_MATCH = YES;
				"CODE_SIGN_IDENTITY[sdk=iphoneos*]" = "iPhone Developer";
				COPY_PHASE_STRIP = NO;
				DEBUG_INFORMATION_FORMAT = "dwarf-with-dsym";
				ENABLE_NS_ASSERTIONS = NO;
				ENABLE_STRICT_OBJC_MSGSEND = YES;
				GCC_C_LANGUAGE_STANDARD = gnu99;
				GCC_NO_COMMON_BLOCKS = YES;
				GCC_WARN_64_TO_32_BIT_CONVERSION = YES;
				GCC_WARN_ABOUT_RETURN_TYPE = YES_ERROR;
				GCC_WARN_UNDECLARED_SELECTOR = YES;
				GCC_WARN_UNINITIALIZED_AUTOS = YES_AGGRESSIVE;
				GCC_WARN_UNUSED_FUNCTION = YES;
				GCC_WARN_UNUSED_VARIABLE = YES;
				IPHONEOS_DEPLOYMENT_TARGET = 9.3;
				MTL_ENABLE_DEBUG_INFO = NO;
				SDKROOT = iphoneos;
				VALIDATE_PRODUCT = YES;
			};
			name = Release;
		};
		B837E2E61D19AC0D00A145BC /* Debug */ = {
			isa = XCBuildConfiguration;
			buildSettings = {
				ASSETCATALOG_COMPILER_APPICON_NAME = AppIcon;
				INFOPLIST_FILE = SwagChat/Info.plist;
				LD_RUNPATH_SEARCH_PATHS = "$(inherited) @executable_path/Frameworks";
				PRODUCT_BUNDLE_IDENTIFIER = Codepath.SwagChat;
				PRODUCT_NAME = "$(TARGET_NAME)";
			};
			name = Debug;
		};
		B837E2E71D19AC0D00A145BC /* Release */ = {
			isa = XCBuildConfiguration;
			buildSettings = {
				ASSETCATALOG_COMPILER_APPICON_NAME = AppIcon;
				INFOPLIST_FILE = SwagChat/Info.plist;
				LD_RUNPATH_SEARCH_PATHS = "$(inherited) @executable_path/Frameworks";
				PRODUCT_BUNDLE_IDENTIFIER = Codepath.SwagChat;
				PRODUCT_NAME = "$(TARGET_NAME)";
			};
			name = Release;
		};
/* End XCBuildConfiguration section */

/* Begin XCConfigurationList section */
		B837E2CE1D19AC0D00A145BC /* Build configuration list for PBXProject "SwagChat" */ = {
			isa = XCConfigurationList;
			buildConfigurations = (
				B837E2E31D19AC0D00A145BC /* Debug */,
				B837E2E41D19AC0D00A145BC /* Release */,
			);
			defaultConfigurationIsVisible = 0;
			defaultConfigurationName = Release;
		};
		B837E2E51D19AC0D00A145BC /* Build configuration list for PBXNativeTarget "SwagChat" */ = {
			isa = XCConfigurationList;
			buildConfigurations = (
				B837E2E61D19AC0D00A145BC /* Debug */,
				B837E2E71D19AC0D00A145BC /* Release */,
			);
			defaultConfigurationIsVisible = 0;
		};
/* End XCConfigurationList section */
	};
	rootObject = B837E2CB1D19AC0D00A145BC /* Project object */;
}
